
Microsoft Visual Studio Solution File, Format Version 12.00
# Visual Studio Version 17
VisualStudioVersion = 17.0.31717.71
MinimumVisualStudioVersion = 10.0.40219.1
Project("{9A19103F-16F7-4668-BE54-9A1E7A4F7556}") = "Recruit.Career", "Recruit.Career\Recruit.Career.csproj", "{7FF75F63-331C-428D-A7EE-1CFB59409C6F}"
EndProject
Global
	GlobalSection(SolutionConfigurationPlatforms) = preSolution
		Debug|Any CPU = Debug|Any CPU
		Release|Any CPU = Release|Any CPU
	EndGlobalSection
	GlobalSection(ProjectConfigurationPlatforms) = postSolution
		{7FF75F63-331C-428D-A7EE-1CFB59409C6F}.Debug|Any CPU.ActiveCfg = Debug|Any CPU
		{7FF75F63-331C-428D-A7EE-1CFB59409C6F}.Debug|Any CPU.Build.0 = Debug|Any CPU
		{7FF75F63-331C-428D-A7EE-1CFB59409C6F}.Release|Any CPU.ActiveCfg = Release|Any CPU
		{7FF75F63-331C-428D-A7EE-1CFB59409C6F}.Release|Any CPU.Build.0 = Release|Any CPU
	EndGlobalSection
	GlobalSection(SolutionProperties) = preSolution
		HideSolutionNode = FALSE
	EndGlobalSection
	GlobalSection(ExtensibilityGlobals) = postSolution
		SolutionGuid = {99878D5D-0975-42DE-B2DF-98611451B91A}
	EndGlobalSection
EndGlobal
